// !$*UTF8*$!
{
	archiveVersion = 1;
	classes = {
	};
	objectVersion = 50;
	objects = {

/* Begin PBXBuildFile section */
		FBD9648526C5432C008DF065 /* AppDelegate.swift in Sources */ = {isa = PBXBuildFile; fileRef = FBD9648426C5432C008DF065 /* AppDelegate.swift */; };
		FBD9648726C5432C008DF065 /* SceneDelegate.swift in Sources */ = {isa = PBXBuildFile; fileRef = FBD9648626C5432C008DF065 /* SceneDelegate.swift */; };
		FBD9648926C5432C008DF065 /* ViewController.swift in Sources */ = {isa = PBXBuildFile; fileRef = FBD9648826C5432C008DF065 /* ViewController.swift */; };
		FBD9648C26C5432C008DF065 /* Main.storyboard in Resources */ = {isa = PBXBuildFile; fileRef = FBD9648A26C5432C008DF065 /* Main.storyboard */; };
		FBD9648E26C5432E008DF065 /* Assets.xcassets in Resources */ = {isa = PBXBuildFile; fileRef = FBD9648D26C5432E008DF065 /* Assets.xcassets */; };
		FBD9649126C5432E008DF065 /* LaunchScreen.storyboard in Resources */ = {isa = PBXBuildFile; fileRef = FBD9648F26C5432E008DF065 /* LaunchScreen.storyboard */; };
		FBD9649C26C5432E008DF065 /* FizBuzzProblemTests.swift in Sources */ = {isa = PBXBuildFile; fileRef = FBD9649B26C5432E008DF065 /* FizBuzzProblemTests.swift */; };
		FBD964A726C5432E008DF065 /* FizBuzzProblemUITests.swift in Sources */ = {isa = PBXBuildFile; fileRef = FBD964A626C5432E008DF065 /* FizBuzzProblemUITests.swift */; };
/* End PBXBuildFile section */

/* Begin PBXContainerItemProxy section */
		FBD9649826C5432E008DF065 /* PBXContainerItemProxy */ = {
			isa = PBXContainerItemProxy;
			containerPortal = FBD9647926C5432C008DF065 /* Project object */;
			proxyType = 1;
			remoteGlobalIDString = FBD9648026C5432C008DF065;
			remoteInfo = FizBuzzProblem;
		};
		FBD964A326C5432E008DF065 /* PBXContainerItemProxy */ = {
			isa = PBXContainerItemProxy;
			containerPortal = FBD9647926C5432C008DF065 /* Project object */;
			proxyType = 1;
			remoteGlobalIDString = FBD9648026C5432C008DF065;
			remoteInfo = FizBuzzProblem;
		};
/* End PBXContainerItemProxy section */

/* Begin PBXFileReference section */
		FBD9648126C5432C008DF065 /* FizBuzzProblem.app */ = {isa = PBXFileReference; explicitFileType = wrapper.application; includeInIndex = 0; path = FizBuzzProblem.app; sourceTree = BUILT_PRODUCTS_DIR; };
		FBD9648426C5432C008DF065 /* AppDelegate.swift */ = {isa = PBXFileReference; lastKnownFileType = sourcecode.swift; path = AppDelegate.swift; sourceTree = "<group>"; };
		FBD9648626C5432C008DF065 /* SceneDelegate.swift */ = {isa = PBXFileReference; lastKnownFileType = sourcecode.swift; path = SceneDelegate.swift; sourceTree = "<group>"; };
		FBD9648826C5432C008DF065 /* ViewController.swift */ = {isa = PBXFileReference; lastKnownFileType = sourcecode.swift; path = ViewController.swift; sourceTree = "<group>"; };
		FBD9648B26C5432C008DF065 /* Base */ = {isa = PBXFileReference; lastKnownFileType = file.storyboard; name = Base; path = Base.lproj/Main.storyboard; sourceTree = "<group>"; };
		FBD9648D26C5432E008DF065 /* Assets.xcassets */ = {isa = PBXFileReference; lastKnownFileType = folder.assetcatalog; path = Assets.xcassets; sourceTree = "<group>"; };
		FBD9649026C5432E008DF065 /* Base */ = {isa = PBXFileReference; lastKnownFileType = file.storyboard; name = Base; path = Base.lproj/LaunchScreen.storyboard; sourceTree = "<group>"; };
		FBD9649226C5432E008DF065 /* Info.plist */ = {isa = PBXFileReference; lastKnownFileType = text.plist.xml; path = Info.plist; sourceTree = "<group>"; };
		FBD9649726C5432E008DF065 /* FizBuzzProblemTests.xctest */ = {isa = PBXFileReference; explicitFileType = wrapper.cfbundle; includeInIndex = 0; path = FizBuzzProblemTests.xctest; sourceTree = BUILT_PRODUCTS_DIR; };
		FBD9649B26C5432E008DF065 /* FizBuzzProblemTests.swift */ = {isa = PBXFileReference; lastKnownFileType = sourcecode.swift; path = FizBuzzProblemTests.swift; sourceTree = "<group>"; };
		FBD9649D26C5432E008DF065 /* Info.plist */ = {isa = PBXFileReference; lastKnownFileType = text.plist.xml; path = Info.plist; sourceTree = "<group>"; };
		FBD964A226C5432E008DF065 /* FizBuzzProblemUITests.xctest */ = {isa = PBXFileReference; explicitFileType = wrapper.cfbundle; includeInIndex = 0; path = FizBuzzProblemUITests.xctest; sourceTree = BUILT_PRODUCTS_DIR; };
		FBD964A626C5432E008DF065 /* FizBuzzProblemUITests.swift */ = {isa = PBXFileReference; lastKnownFileType = sourcecode.swift; path = FizBuzzProblemUITests.swift; sourceTree = "<group>"; };
		FBD964A826C5432E008DF065 /* Info.plist */ = {isa = PBXFileReference; lastKnownFileType = text.plist.xml; path = Info.plist; sourceTree = "<group>"; };
/* End PBXFileReference section */

/* Begin PBXFrameworksBuildPhase section */
		FBD9647E26C5432C008DF065 /* Frameworks */ = {
			isa = PBXFrameworksBuildPhase;
			buildActionMask = 2147483647;
			files = (
			);
			runOnlyForDeploymentPostprocessing = 0;
		};
		FBD9649426C5432E008DF065 /* Frameworks */ = {
			isa = PBXFrameworksBuildPhase;
			buildActionMask = 2147483647;
			files = (
			);
			runOnlyForDeploymentPostprocessing = 0;
		};
		FBD9649F26C5432E008DF065 /* Frameworks */ = {
			isa = PBXFrameworksBuildPhase;
			buildActionMask = 2147483647;
			files = (
			);
			runOnlyForDeploymentPostprocessing = 0;
		};
/* End PBXFrameworksBuildPhase section */

/* Begin PBXGroup section */
		FBD9647826C5432C008DF065 = {
			isa = PBXGroup;
			children = (
				FBD9648326C5432C008DF065 /* FizBuzzProblem */,
				FBD9649A26C5432E008DF065 /* FizBuzzProblemTests */,
				FBD964A526C5432E008DF065 /* FizBuzzProblemUITests */,
				FBD9648226C5432C008DF065 /* Products */,
			);
			sourceTree = "<group>";
		};
		FBD9648226C5432C008DF065 /* Products */ = {
			isa = PBXGroup;
			children = (
				FBD9648126C5432C008DF065 /* FizBuzzProblem.app */,
				FBD9649726C5432E008DF065 /* FizBuzzProblemTests.xctest */,
				FBD964A226C5432E008DF065 /* FizBuzzProblemUITests.xctest */,
			);
			name = Products;
			sourceTree = "<group>";
		};
		FBD9648326C5432C008DF065 /* FizBuzzProblem */ = {
			isa = PBXGroup;
			children = (
				FBD9648426C5432C008DF065 /* AppDelegate.swift */,
				FBD9648626C5432C008DF065 /* SceneDelegate.swift */,
				FBD9648826C5432C008DF065 /* ViewController.swift */,
				FBD9648A26C5432C008DF065 /* Main.storyboard */,
				FBD9648D26C5432E008DF065 /* Assets.xcassets */,
				FBD9648F26C5432E008DF065 /* LaunchScreen.storyboard */,
				FBD9649226C5432E008DF065 /* Info.plist */,
			);
			path = FizBuzzProblem;
			sourceTree = "<group>";
		};
		FBD9649A26C5432E008DF065 /* FizBuzzProblemTests */ = {
			isa = PBXGroup;
			children = (
				FBD9649B26C5432E008DF065 /* FizBuzzProblemTests.swift */,
				FBD9649D26C5432E008DF065 /* Info.plist */,
			);
			path = FizBuzzProblemTests;
			sourceTree = "<group>";
		};
		FBD964A526C5432E008DF065 /* FizBuzzProblemUITests */ = {
			isa = PBXGroup;
			children = (
				FBD964A626C5432E008DF065 /* FizBuzzProblemUITests.swift */,
				FBD964A826C5432E008DF065 /* Info.plist */,
			);
			path = FizBuzzProblemUITests;
			sourceTree = "<group>";
		};
/* End PBXGroup section */

/* Begin PBXNativeTarget section */
		FBD9648026C5432C008DF065 /* FizBuzzProblem */ = {
			isa = PBXNativeTarget;
			buildConfigurationList = FBD964AB26C5432E008DF065 /* Build configuration list for PBXNativeTarget "FizBuzzProblem" */;
			buildPhases = (
				FBD9647D26C5432C008DF065 /* Sources */,
				FBD9647E26C5432C008DF065 /* Frameworks */,
				FBD9647F26C5432C008DF065 /* Resources */,
			);
			buildRules = (
			);
			dependencies = (
			);
			name = FizBuzzProblem;
			productName = FizBuzzProblem;
			productReference = FBD9648126C5432C008DF065 /* FizBuzzProblem.app */;
			productType = "com.apple.product-type.application";
		};
		FBD9649626C5432E008DF065 /* FizBuzzProblemTests */ = {
			isa = PBXNativeTarget;
			buildConfigurationList = FBD964AE26C5432E008DF065 /* Build configuration list for PBXNativeTarget "FizBuzzProblemTests" */;
			buildPhases = (
				FBD9649326C5432E008DF065 /* Sources */,
				FBD9649426C5432E008DF065 /* Frameworks */,
				FBD9649526C5432E008DF065 /* Resources */,
			);
			buildRules = (
			);
			dependencies = (
				FBD9649926C5432E008DF065 /* PBXTargetDependency */,
			);
			name = FizBuzzProblemTests;
			productName = FizBuzzProblemTests;
			productReference = FBD9649726C5432E008DF065 /* FizBuzzProblemTests.xctest */;
			productType = "com.apple.product-type.bundle.unit-test";
		};
		FBD964A126C5432E008DF065 /* FizBuzzProblemUITests */ = {
			isa = PBXNativeTarget;
			buildConfigurationList = FBD964B126C5432E008DF065 /* Build configuration list for PBXNativeTarget "FizBuzzProblemUITests" */;
			buildPhases = (
				FBD9649E26C5432E008DF065 /* Sources */,
				FBD9649F26C5432E008DF065 /* Frameworks */,
				FBD964A026C5432E008DF065 /* Resources */,
			);
			buildRules = (
			);
			dependencies = (
				FBD964A426C5432E008DF065 /* PBXTargetDependency */,
			);
			name = FizBuzzProblemUITests;
			productName = FizBuzzProblemUITests;
			productReference = FBD964A226C5432E008DF065 /* FizBuzzProblemUITests.xctest */;
			productType = "com.apple.product-type.bundle.ui-testing";
		};
/* End PBXNativeTarget section */

/* Begin PBXProject section */
		FBD9647926C5432C008DF065 /* Project object */ = {
			isa = PBXProject;
			attributes = {
				LastSwiftUpdateCheck = 1250;
				LastUpgradeCheck = 1250;
				TargetAttributes = {
					FBD9648026C5432C008DF065 = {
						CreatedOnToolsVersion = 12.5;
					};
					FBD9649626C5432E008DF065 = {
						CreatedOnToolsVersion = 12.5;
						TestTargetID = FBD9648026C5432C008DF065;
					};
					FBD964A126C5432E008DF065 = {
						CreatedOnToolsVersion = 12.5;
						TestTargetID = FBD9648026C5432C008DF065;
					};
				};
			};
			buildConfigurationList = FBD9647C26C5432C008DF065 /* Build configuration list for PBXProject "FizBuzzProblem" */;
			compatibilityVersion = "Xcode 9.3";
			developmentRegion = en;
			hasScannedForEncodings = 0;
			knownRegions = (
				en,
				Base,
			);
			mainGroup = FBD9647826C5432C008DF065;
			productRefGroup = FBD9648226C5432C008DF065 /* Products */;
			projectDirPath = "";
			projectRoot = "";
			targets = (
				FBD9648026C5432C008DF065 /* FizBuzzProblem */,
				FBD9649626C5432E008DF065 /* FizBuzzProblemTests */,
				FBD964A126C5432E008DF065 /* FizBuzzProblemUITests */,
			);
		};
/* End PBXProject section */

/* Begin PBXResourcesBuildPhase section */
		FBD9647F26C5432C008DF065 /* Resources */ = {
			isa = PBXResourcesBuildPhase;
			buildActionMask = 2147483647;
			files = (
				FBD9649126C5432E008DF065 /* LaunchScreen.storyboard in Resources */,
				FBD9648E26C5432E008DF065 /* Assets.xcassets in Resources */,
				FBD9648C26C5432C008DF065 /* Main.storyboard in Resources */,
			);
			runOnlyForDeploymentPostprocessing = 0;
		};
		FBD9649526C5432E008DF065 /* Resources */ = {
			isa = PBXResourcesBuildPhase;
			buildActionMask = 2147483647;
			files = (
			);
			runOnlyForDeploymentPostprocessing = 0;
		};
		FBD964A026C5432E008DF065 /* Resources */ = {
			isa = PBXResourcesBuildPhase;
			buildActionMask = 2147483647;
			files = (
			);
			runOnlyForDeploymentPostprocessing = 0;
		};
/* End PBXResourcesBuildPhase section */

/* Begin PBXSourcesBuildPhase section */
		FBD9647D26C5432C008DF065 /* Sources */ = {
			isa = PBXSourcesBuildPhase;
			buildActionMask = 2147483647;
			files = (
				FBD9648926C5432C008DF065 /* ViewController.swift in Sources */,
				FBD9648526C5432C008DF065 /* AppDelegate.swift in Sources */,
				FBD9648726C5432C008DF065 /* SceneDelegate.swift in Sources */,
			);
			runOnlyForDeploymentPostprocessing = 0;
		};
		FBD9649326C5432E008DF065 /* Sources */ = {
			isa = PBXSourcesBuildPhase;
			buildActionMask = 2147483647;
			files = (
				FBD9649C26C5432E008DF065 /* FizBuzzProblemTests.swift in Sources */,
			);
			runOnlyForDeploymentPostprocessing = 0;
		};
		FBD9649E26C5432E008DF065 /* Sources */ = {
			isa = PBXSourcesBuildPhase;
			buildActionMask = 2147483647;
			files = (
				FBD964A726C5432E008DF065 /* FizBuzzProblemUITests.swift in Sources */,
			);
			runOnlyForDeploymentPostprocessing = 0;
		};
/* End PBXSourcesBuildPhase section */

/* Begin PBXTargetDependency section */
		FBD9649926C5432E008DF065 /* PBXTargetDependency */ = {
			isa = PBXTargetDependency;
			target = FBD9648026C5432C008DF065 /* FizBuzzProblem */;
			targetProxy = FBD9649826C5432E008DF065 /* PBXContainerItemProxy */;
		};
		FBD964A426C5432E008DF065 /* PBXTargetDependency */ = {
			isa = PBXTargetDependency;
			target = FBD9648026C5432C008DF065 /* FizBuzzProblem */;
			targetProxy = FBD964A326C5432E008DF065 /* PBXContainerItemProxy */;
		};
/* End PBXTargetDependency section */

/* Begin PBXVariantGroup section */
		FBD9648A26C5432C008DF065 /* Main.storyboard */ = {
			isa = PBXVariantGroup;
			children = (
				FBD9648B26C5432C008DF065 /* Base */,
			);
			name = Main.storyboard;
			sourceTree = "<group>";
		};
		FBD9648F26C5432E008DF065 /* LaunchScreen.storyboard */ = {
			isa = PBXVariantGroup;
			children = (
				FBD9649026C5432E008DF065 /* Base */,
			);
			name = LaunchScreen.storyboard;
			sourceTree = "<group>";
		};
/* End PBXVariantGroup section */

/* Begin XCBuildConfiguration section */
		FBD964A926C5432E008DF065 /* Debug */ = {
			isa = XCBuildConfiguration;
			buildSettings = {
				ALWAYS_SEARCH_USER_PATHS = NO;
				CLANG_ANALYZER_NONNULL = YES;
				CLANG_ANALYZER_NUMBER_OBJECT_CONVERSION = YES_AGGRESSIVE;
				CLANG_CXX_LANGUAGE_STANDARD = "gnu++14";
				CLANG_CXX_LIBRARY = "libc++";
				CLANG_ENABLE_MODULES = YES;
				CLANG_ENABLE_OBJC_ARC = YES;
				CLANG_ENABLE_OBJC_WEAK = YES;
				CLANG_WARN_BLOCK_CAPTURE_AUTORELEASING = YES;
				CLANG_WARN_BOOL_CONVERSION = YES;
				CLANG_WARN_COMMA = YES;
				CLANG_WARN_CONSTANT_CONVERSION = YES;
				CLANG_WARN_DEPRECATED_OBJC_IMPLEMENTATIONS = YES;
				CLANG_WARN_DIRECT_OBJC_ISA_USAGE = YES_ERROR;
				CLANG_WARN_DOCUMENTATION_COMMENTS = YES;
				CLANG_WARN_EMPTY_BODY = YES;
				CLANG_WARN_ENUM_CONVERSION = YES;
				CLANG_WARN_INFINITE_RECURSION = YES;
				CLANG_WARN_INT_CONVERSION = YES;
				CLANG_WARN_NON_LITERAL_NULL_CONVERSION = YES;
				CLANG_WARN_OBJC_IMPLICIT_RETAIN_SELF = YES;
				CLANG_WARN_OBJC_LITERAL_CONVERSION = YES;
				CLANG_WARN_OBJC_ROOT_CLASS = YES_ERROR;
				CLANG_WARN_QUOTED_INCLUDE_IN_FRAMEWORK_HEADER = YES;
				CLANG_WARN_RANGE_LOOP_ANALYSIS = YES;
				CLANG_WARN_STRICT_PROTOTYPES = YES;
				CLANG_WARN_SUSPICIOUS_MOVE = YES;
				CLANG_WARN_UNGUARDED_AVAILABILITY = YES_AGGRESSIVE;
				CLANG_WARN_UNREACHABLE_CODE = YES;
				CLANG_WARN__DUPLICATE_METHOD_MATCH = YES;
				COPY_PHASE_STRIP = NO;
				DEBUG_INFORMATION_FORMAT = dwarf;
				ENABLE_STRICT_OBJC_MSGSEND = YES;
				ENABLE_TESTABILITY = YES;
				GCC_C_LANGUAGE_STANDARD = gnu11;
				GCC_DYNAMIC_NO_PIC = NO;
				GCC_NO_COMMON_BLOCKS = YES;
				GCC_OPTIMIZATION_LEVEL = 0;
				GCC_PREPROCESSOR_DEFINITIONS = (
					"DEBUG=1",
					"$(inherited)",
				);
				GCC_WARN_64_TO_32_BIT_CONVERSION = YES;
				GCC_WARN_ABOUT_RETURN_TYPE = YES_ERROR;
				GCC_WARN_UNDECLARED_SELECTOR = YES;
				GCC_WARN_UNINITIALIZED_AUTOS = YES_AGGRESSIVE;
				GCC_WARN_UNUSED_FUNCTION = YES;
				GCC_WARN_UNUSED_VARIABLE = YES;
				IPHONEOS_DEPLOYMENT_TARGET = 14.5;
				MTL_ENABLE_DEBUG_INFO = INCLUDE_SOURCE;
				MTL_FAST_MATH = YES;
				ONLY_ACTIVE_ARCH = YES;
				SDKROOT = iphoneos;
				SWIFT_ACTIVE_COMPILATION_CONDITIONS = DEBUG;
				SWIFT_OPTIMIZATION_LEVEL = "-Onone";
			};
			name = Debug;
		};
		FBD964AA26C5432E008DF065 /* Release */ = {
			isa = XCBuildConfiguration;
			buildSettings = {
				ALWAYS_SEARCH_USER_PATHS = NO;
				CLANG_ANALYZER_NONNULL = YES;
				CLANG_ANALYZER_NUMBER_OBJECT_CONVERSION = YES_AGGRESSIVE;
				CLANG_CXX_LANGUAGE_STANDARD = "gnu++14";
				CLANG_CXX_LIBRARY = "libc++";
				CLANG_ENABLE_MODULES = YES;
				CLANG_ENABLE_OBJC_ARC = YES;
				CLANG_ENABLE_OBJC_WEAK = YES;
				CLANG_WARN_BLOCK_CAPTURE_AUTORELEASING = YES;
				CLANG_WARN_BOOL_CONVERSION = YES;
				CLANG_WARN_COMMA = YES;
				CLANG_WARN_CONSTANT_CONVERSION = YES;
				CLANG_WARN_DEPRECATED_OBJC_IMPLEMENTATIONS = YES;
				CLANG_WARN_DIRECT_OBJC_ISA_USAGE = YES_ERROR;
				CLANG_WARN_DOCUMENTATION_COMMENTS = YES;
				CLANG_WARN_EMPTY_BODY = YES;
				CLANG_WARN_ENUM_CONVERSION = YES;
				CLANG_WARN_INFINITE_RECURSION = YES;
				CLANG_WARN_INT_CONVERSION = YES;
				CLANG_WARN_NON_LITERAL_NULL_CONVERSION = YES;
				CLANG_WARN_OBJC_IMPLICIT_RETAIN_SELF = YES;
				CLANG_WARN_OBJC_LITERAL_CONVERSION = YES;
				CLANG_WARN_OBJC_ROOT_CLASS = YES_ERROR;
				CLANG_WARN_QUOTED_INCLUDE_IN_FRAMEWORK_HEADER = YES;
				CLANG_WARN_RANGE_LOOP_ANALYSIS = YES;
				CLANG_WARN_STRICT_PROTOTYPES = YES;
				CLANG_WARN_SUSPICIOUS_MOVE = YES;
				CLANG_WARN_UNGUARDED_AVAILABILITY = YES_AGGRESSIVE;
				CLANG_WARN_UNREACHABLE_CODE = YES;
				CLANG_WARN__DUPLICATE_METHOD_MATCH = YES;
				COPY_PHASE_STRIP = NO;
				DEBUG_INFORMATION_FORMAT = "dwarf-with-dsym";
				ENABLE_NS_ASSERTIONS = NO;
				ENABLE_STRICT_OBJC_MSGSEND = YES;
				GCC_C_LANGUAGE_STANDARD = gnu11;
				GCC_NO_COMMON_BLOCKS = YES;
				GCC_WARN_64_TO_32_BIT_CONVERSION = YES;
				GCC_WARN_ABOUT_RETURN_TYPE = YES_ERROR;
				GCC_WARN_UNDECLARED_SELECTOR = YES;
				GCC_WARN_UNINITIALIZED_AUTOS = YES_AGGRESSIVE;
				GCC_WARN_UNUSED_FUNCTION = YES;
				GCC_WARN_UNUSED_VARIABLE = YES;
				IPHONEOS_DEPLOYMENT_TARGET = 14.5;
				MTL_ENABLE_DEBUG_INFO = NO;
				MTL_FAST_MATH = YES;
				SDKROOT = iphoneos;
				SWIFT_COMPILATION_MODE = wholemodule;
				SWIFT_OPTIMIZATION_LEVEL = "-O";
				VALIDATE_PRODUCT = YES;
			};
			name = Release;
		};
		FBD964AC26C5432E008DF065 /* Debug */ = {
			isa = XCBuildConfiguration;
			buildSettings = {
				ASSETCATALOG_COMPILER_APPICON_NAME = AppIcon;
				ASSETCATALOG_COMPILER_GLOBAL_ACCENT_COLOR_NAME = AccentColor;
				CODE_SIGN_STYLE = Automatic;
				DEVELOPMENT_TEAM = G3G99VS84K;
				INFOPLIST_FILE = FizBuzzProblem/Info.plist;
				LD_RUNPATH_SEARCH_PATHS = (
					"$(inherited)",
					"@executable_path/Frameworks",
				);
				PRODUCT_BUNDLE_IDENTIFIER = com.interview.FizBuzzProblem;
				PRODUCT_NAME = "$(TARGET_NAME)";
				SWIFT_VERSION = 5.0;
				TARGETED_DEVICE_FAMILY = "1,2";
			};
			name = Debug;
		};
		FBD964AD26C5432E008DF065 /* Release */ = {
			isa = XCBuildConfiguration;
			buildSettings = {
				ASSETCATALOG_COMPILER_APPICON_NAME = AppIcon;
				ASSETCATALOG_COMPILER_GLOBAL_ACCENT_COLOR_NAME = AccentColor;
				CODE_SIGN_STYLE = Automatic;
				DEVELOPMENT_TEAM = G3G99VS84K;
				INFOPLIST_FILE = FizBuzzProblem/Info.plist;
				LD_RUNPATH_SEARCH_PATHS = (
					"$(inherited)",
					"@executable_path/Frameworks",
				);
				PRODUCT_BUNDLE_IDENTIFIER = com.interview.FizBuzzProblem;
				PRODUCT_NAME = "$(TARGET_NAME)";
				SWIFT_VERSION = 5.0;
				TARGETED_DEVICE_FAMILY = "1,2";
			};
			name = Release;
		};
		FBD964AF26C5432E008DF065 /* Debug */ = {
			isa = XCBuildConfiguration;
			buildSettings = {
				ALWAYS_EMBED_SWIFT_STANDARD_LIBRARIES = YES;
				BUNDLE_LOADER = "$(TEST_HOST)";
				CODE_SIGN_STYLE = Automatic;
				DEVELOPMENT_TEAM = G3G99VS84K;
				INFOPLIST_FILE = FizBuzzProblemTests/Info.plist;
				IPHONEOS_DEPLOYMENT_TARGET = 14.5;
				LD_RUNPATH_SEARCH_PATHS = (
					"$(inherited)",
					"@executable_path/Frameworks",
					"@loader_path/Frameworks",
				);
				PRODUCT_BUNDLE_IDENTIFIER = com.interview.FizBuzzProblemTests;
				PRODUCT_NAME = "$(TARGET_NAME)";
				SWIFT_VERSION = 5.0;
				TARGETED_DEVICE_FAMILY = "1,2";
				TEST_HOST = "$(BUILT_PRODUCTS_DIR)/FizBuzzProblem.app/FizBuzzProblem";
			};
			name = Debug;
		};
		FBD964B026C5432E008DF065 /* Release */ = {
			isa = XCBuildConfiguration;
			buildSettings = {
				ALWAYS_EMBED_SWIFT_STANDARD_LIBRARIES = YES;
				BUNDLE_LOADER = "$(TEST_HOST)";
				CODE_SIGN_STYLE = Automatic;
				DEVELOPMENT_TEAM = G3G99VS84K;
				INFOPLIST_FILE = FizBuzzProblemTests/Info.plist;
				IPHONEOS_DEPLOYMENT_TARGET = 14.5;
				LD_RUNPATH_SEARCH_PATHS = (
					"$(inherited)",
					"@executable_path/Frameworks",
					"@loader_path/Frameworks",
				);
				PRODUCT_BUNDLE_IDENTIFIER = com.interview.FizBuzzProblemTests;
				PRODUCT_NAME = "$(TARGET_NAME)";
				SWIFT_VERSION = 5.0;
				TARGETED_DEVICE_FAMILY = "1,2";
				TEST_HOST = "$(BUILT_PRODUCTS_DIR)/FizBuzzProblem.app/FizBuzzProblem";
			};
			name = Release;
		};
		FBD964B226C5432E008DF065 /* Debug */ = {
			isa = XCBuildConfiguration;
			buildSettings = {
				ALWAYS_EMBED_SWIFT_STANDARD_LIBRARIES = YES;
				CODE_SIGN_STYLE = Automatic;
				DEVELOPMENT_TEAM = G3G99VS84K;
				INFOPLIST_FILE = FizBuzzProblemUITests/Info.plist;
				LD_RUNPATH_SEARCH_PATHS = (
					"$(inherited)",
					"@executable_path/Frameworks",
					"@loader_path/Frameworks",
				);
				PRODUCT_BUNDLE_IDENTIFIER = com.interview.FizBuzzProblemUITests;
				PRODUCT_NAME = "$(TARGET_NAME)";
				SWIFT_VERSION = 5.0;
				TARGETED_DEVICE_FAMILY = "1,2";
				TEST_TARGET_NAME = FizBuzzProblem;
			};
			name = Debug;
		};
		FBD964B326C5432E008DF065 /* Release */ = {
			isa = XCBuildConfiguration;
			buildSettings = {
				ALWAYS_EMBED_SWIFT_STANDARD_LIBRARIES = YES;
				CODE_SIGN_STYLE = Automatic;
				DEVELOPMENT_TEAM = G3G99VS84K;
				INFOPLIST_FILE = FizBuzzProblemUITests/Info.plist;
				LD_RUNPATH_SEARCH_PATHS = (
					"$(inherited)",
					"@executable_path/Frameworks",
					"@loader_path/Frameworks",
				);
				PRODUCT_BUNDLE_IDENTIFIER = com.interview.FizBuzzProblemUITests;
				PRODUCT_NAME = "$(TARGET_NAME)";
				SWIFT_VERSION = 5.0;
				TARGETED_DEVICE_FAMILY = "1,2";
				TEST_TARGET_NAME = FizBuzzProblem;
			};
			name = Release;
		};
/* End XCBuildConfiguration section */

/* Begin XCConfigurationList section */
		FBD9647C26C5432C008DF065 /* Build configuration list for PBXProject "FizBuzzProblem" */ = {
			isa = XCConfigurationList;
			buildConfigurations = (
				FBD964A926C5432E008DF065 /* Debug */,
				FBD964AA26C5432E008DF065 /* Release */,
			);
			defaultConfigurationIsVisible = 0;
			defaultConfigurationName = Release;
		};
		FBD964AB26C5432E008DF065 /* Build configuration list for PBXNativeTarget "FizBuzzProblem" */ = {
			isa = XCConfigurationList;
			buildConfigurations = (
				FBD964AC26C5432E008DF065 /* Debug */,
				FBD964AD26C5432E008DF065 /* Release */,
			);
			defaultConfigurationIsVisible = 0;
			defaultConfigurationName = Release;
		};
		FBD964AE26C5432E008DF065 /* Build configuration list for PBXNativeTarget "FizBuzzProblemTests" */ = {
			isa = XCConfigurationList;
			buildConfigurations = (
				FBD964AF26C5432E008DF065 /* Debug */,
				FBD964B026C5432E008DF065 /* Release */,
			);
			defaultConfigurationIsVisible = 0;
			defaultConfigurationName = Release;
		};
		FBD964B126C5432E008DF065 /* Build configuration list for PBXNativeTarget "FizBuzzProblemUITests" */ = {
			isa = XCConfigurationList;
			buildConfigurations = (
				FBD964B226C5432E008DF065 /* Debug */,
				FBD964B326C5432E008DF065 /* Release */,
			);
			defaultConfigurationIsVisible = 0;
			defaultConfigurationName = Release;
		};
/* End XCConfigurationList section */
	};
	rootObject = FBD9647926C5432C008DF065 /* Project object */;
}
